<?xml version="1.0" encoding="utf-8"?>
<Project ToolsVersion="4.0" xmlns="http://schemas.microsoft.com/developer/msbuild/2003">
  <ItemGroup>
    <ClInclude Include="Main.h" />
    <ClInclude Include="Player.h">
      <Filter>Object\Player</Filter>
    </ClInclude>
    <ClInclude Include="stdafx.h" />
    <ClInclude Include="Unit.h">
      <Filter>Object</Filter>
    </ClInclude>
    <ClInclude Include="MapGenerator.h">
      <Filter>Object\Map</Filter>
    </ClInclude>
    <ClInclude Include="Monster.h">
      <Filter>Object\Monster</Filter>
    </ClInclude>
    <ClInclude Include="Scene3.h">
      <Filter>Scene</Filter>
    </ClInclude>
    <ClInclude Include="UI_Player.h">
      <Filter>Object\UI</Filter>
    </ClInclude>
    <ClInclude Include="PlayerObserver.h">
      <Filter>Object\Player</Filter>
    </ClInclude>
    <ClInclude Include="UI_Monster.h">
      <Filter>Object\UI</Filter>
    </ClInclude>
    <ClInclude Include="MonsterManager.h">
      <Filter>Object\Monster</Filter>
    </ClInclude>
    <ClInclude Include="MonsterData.h">
      <Filter>Object\Monster</Filter>
    </ClInclude>
    <ClInclude Include="PlayerData.h">
      <Filter>Object\Player</Filter>
    </ClInclude>
    <ClInclude Include="Scene2.h">
      <Filter>Scene</Filter>
    </ClInclude>
    <ClInclude Include="Subject.h">
      <Filter>Object\Observer</Filter>
    </ClInclude>
    <ClInclude Include="Observer.h">
      <Filter>Object\Observer</Filter>
    </ClInclude>
    <ClInclude Include="Inventory.h">
      <Filter>Object\Item</Filter>
    </ClInclude>
    <ClInclude Include="Item.h">
      <Filter>Object\Item\member</Filter>
    </ClInclude>
    <ClInclude Include="ItemFactory.h">
      <Filter>Object\Item\member</Filter>
    </ClInclude>
    <ClInclude Include="ItemTable.h">
      <Filter>Object\Item\member</Filter>
    </ClInclude>
    <ClInclude Include="FieldItem.h">
      <Filter>Object\Item</Filter>
    </ClInclude>
    <ClInclude Include="Scene1.h">
      <Filter>Scene</Filter>
    </ClInclude>
    <ClInclude Include="DamageText.h">
      <Filter>Object\DamageFont</Filter>
    </ClInclude>
    <ClInclude Include="DamageFontManager.h">
      <Filter>Object\DamageFont</Filter>
    </ClInclude>
  </ItemGroup>
  <ItemGroup>
    <ClCompile Include="Main.cpp" />
    <ClCompile Include="Player.cpp">
      <Filter>Object\Player</Filter>
    </ClCompile>
    <ClCompile Include="Unit.cpp">
      <Filter>Object</Filter>
    </ClCompile>
    <ClCompile Include="MapGenerator.cpp">
      <Filter>Object\Map</Filter>
    </ClCompile>
    <ClCompile Include="Monster.cpp">
      <Filter>Object\Monster</Filter>
    </ClCompile>
    <ClCompile Include="UI_Player.cpp">
      <Filter>Object\UI</Filter>
    </ClCompile>
    <ClCompile Include="Scene3.cpp">
      <Filter>Scene</Filter>
    </ClCompile>
    <ClCompile Include="PlayerObserver.cpp">
      <Filter>Object\Player</Filter>
    </ClCompile>
    <ClCompile Include="UI_Monster.cpp">
      <Filter>Object\UI</Filter>
    </ClCompile>
    <ClCompile Include="MonsterManager.cpp">
      <Filter>Object\Monster</Filter>
    </ClCompile>
    <ClCompile Include="MonsterData.cpp">
      <Filter>Object\Monster</Filter>
    </ClCompile>
    <ClCompile Include="PlayerData.cpp">
      <Filter>Object\Player</Filter>
    </ClCompile>
    <ClCompile Include="Scene2.cpp">
      <Filter>Scene</Filter>
    </ClCompile>
    <ClCompile Include="Observer.cpp">
      <Filter>Object\Observer</Filter>
    </ClCompile>
    <ClCompile Include="Subject.cpp">
      <Filter>Object\Observer</Filter>
    </ClCompile>
    <ClCompile Include="Inventory.cpp">
      <Filter>Object\Item</Filter>
    </ClCompile>
    <ClCompile Include="Item.cpp">
      <Filter>Object\Item\member</Filter>
    </ClCompile>
    <ClCompile Include="ItemFactory.cpp">
      <Filter>Object\Item\member</Filter>
    </ClCompile>
    <ClCompile Include="ItemTable.cpp">
      <Filter>Object\Item\member</Filter>
    </ClCompile>
    <ClCompile Include="FieldItem.cpp">
      <Filter>Object\Item</Filter>
    </ClCompile>
    <ClCompile Include="Scene1.cpp">
      <Filter>Scene</Filter>
    </ClCompile>
    <ClCompile Include="DamageText.cpp">
      <Filter>Object\DamageFont</Filter>
    </ClCompile>
    <ClCompile Include="DamageFontManager.cpp">
      <Filter>Object\DamageFont</Filter>
    </ClCompile>
  </ItemGroup>
  <ItemGroup>
    <Filter Include="Object">
      <UniqueIdentifier>{3ef1d404-79d9-421f-8837-829008c7a336}</UniqueIdentifier>
    </Filter>
    <Filter Include="Object\Player">
      <UniqueIdentifier>{f009d87c-acb8-419f-a6f3-be184d86b1ef}</UniqueIdentifier>
    </Filter>
    <Filter Include="Scene">
      <UniqueIdentifier>{5604d1b7-6c61-468d-a548-e939ecdb46b5}</UniqueIdentifier>
    </Filter>
    <Filter Include="Object\Monster">
      <UniqueIdentifier>{954fba8a-293e-4a81-ae31-8efcbe626a77}</UniqueIdentifier>
    </Filter>
    <Filter Include="Object\Map">
      <UniqueIdentifier>{d0af8187-c161-4a02-9279-cb6f33a180c8}</UniqueIdentifier>
    </Filter>
    <Filter Include="Object\UI">
      <UniqueIdentifier>{1b722d55-85b0-4131-8a30-6c972810a16d}</UniqueIdentifier>
    </Filter>
    <Filter Include="Object\Observer">
      <UniqueIdentifier>{953b01da-2dd0-4658-b029-4067dc14712d}</UniqueIdentifier>
    </Filter>
    <Filter Include="Object\Item">
      <UniqueIdentifier>{dd070cf7-7a49-4b80-aefd-1dd6157e084d}</UniqueIdentifier>
    </Filter>
    <Filter Include="Object\Item\member">
      <UniqueIdentifier>{4a1638f6-bbec-434d-9ef5-6ba014311de0}</UniqueIdentifier>
    </Filter>
    <Filter Include="Object\DamageFont">
      <UniqueIdentifier>{f835231f-6d8f-453e-8569-872b31ab6226}</UniqueIdentifier>
    </Filter>
  </ItemGroup>
  <ItemGroup>
    <None Include="imgui.ini" />
    <None Include="window.ini" />
  </ItemGroup>
</Project>